
Microsoft Visual Studio Solution File, Format Version 12.00
# Visual Studio Version 16
VisualStudioVersion = 16.0.30717.126
MinimumVisualStudioVersion = 10.0.40219.1
Project("{FAE04EC0-301F-11D3-BF4B-00C04F79EFBC}") = "ADPlaceMyBetMBS2", "ADPlaceMyBetMBS2\ADPlaceMyBetMBS2.csproj", "{B73A38DD-A529-47E4-AEFC-28FC31F133B1}"
EndProject
Global
	GlobalSection(SolutionConfigurationPlatforms) = preSolution
		Debug|Any CPU = Debug|Any CPU
		Release|Any CPU = Release|Any CPU
	EndGlobalSection
	GlobalSection(ProjectConfigurationPlatforms) = postSolution
		{B73A38DD-A529-47E4-AEFC-28FC31F133B1}.Debug|Any CPU.ActiveCfg = Debug|Any CPU
		{B73A38DD-A529-47E4-AEFC-28FC31F133B1}.Debug|Any CPU.Build.0 = Debug|Any CPU
		{B73A38DD-A529-47E4-AEFC-28FC31F133B1}.Release|Any CPU.ActiveCfg = Release|Any CPU
		{B73A38DD-A529-47E4-AEFC-28FC31F133B1}.Release|Any CPU.Build.0 = Release|Any CPU
	EndGlobalSection
	GlobalSection(SolutionProperties) = preSolution
		HideSolutionNode = FALSE
	EndGlobalSection
	GlobalSection(ExtensibilityGlobals) = postSolution
		SolutionGuid = {9896C442-B21E-4C92-BEEC-E62F80B0A6C4}
	EndGlobalSection
EndGlobal
